dependencies:
  captive_dns:
    dependencies: []
    source:
      path: /home/peque/esp/esp-iot-solution/examples/common_components/captive_dns
      type: local
    version: '*'
  espressif/cjson:
    component_hash: e788323270d90738662d66fffa910bfe1fba019bba087f01557e70c40485b469
    dependencies:
    - name: idf
      require: private
      version: '>=5.0'
    source:
      registry_url: https://components.espressif.com/
      type: service
    version: 1.7.19~2
  espressif/cmake_utilities:
    component_hash: 351350613ceafba240b761b4ea991e0f231ac7a9f59a9ee901f751bddc0bb18f
    dependencies:
    - name: idf
      require: private
      version: '>=4.1'
    source:
      registry_url: https://components.espressif.com
      type: service
    version: 0.5.3
  espressif/usb_host_uac:
    component_hash: 02f7e669b4dae033347e4523acaed4b8c402290a887878d396811c4bee47cc46
    dependencies:
    - name: espressif/cmake_utilities
      registry_url: https://components.espressif.com
      require: private
      version: 0.5.*
    - name: idf
      require: private
      version: '>=5.0'
    - name: espressif/usb
      registry_url: https://components.espressif.com
      require: public
      rules:
      - if: idf_version >=6.0
      - if: target not in ["linux"]
      version: ^1.0.0
    source:
      registry_url: https://components.espressif.com/
      type: service
    targets:
    - esp32s2
    - esp32s3
    - esp32s31
    - esp32p4
    - esp32h4
    - linux
    version: 1.5.0
  espressif/usb_host_uvc:
    component_hash: 183e5737a457f2e8d6b2cc6fa5a1ba6faa5f77e1b7d64f3fe57462ccf2a38e17
    dependencies:
    - name: idf
      require: private
      version: '>=5.0'
    - name: espressif/usb
      registry_url: https://components.espressif.com
      require: public
      rules:
      - if: idf_version >=6.0
      - if: target not in ["linux"]
      version: ^1.0.0
    source:
      registry_url: https://components.espressif.com/
      type: service
    targets:
    - esp32s2
    - esp32s3
    - esp32p4
    - esp32h4
    - esp32s31
    - linux
    version: 2.6.0
  idf:
    source:
      type: idf
    version: 5.4.1
direct_dependencies:
- captive_dns
- espressif/cjson
- espressif/usb_host_uac
- espressif/usb_host_uvc
- idf
manifest_hash: 8b4e5c97e02094d619966fe2009bd28aae203d376fbb38e1edb4919a85162336
target: esp32s3
version: 2.0.0
